
Microsoft Visual Studio Solution File, Format Version 12.00
# Visual Studio Version 17
VisualStudioVersion = 17.10.35027.167
MinimumVisualStudioVersion = 10.0.40219.1
Project("{9A19103F-16F7-4668-BE54-9A1E7A4F7556}") = "Finance_API", "Finance_API\Finance_API.csproj", "{CB6FE7AF-2D3B-4DCF-AB25-26473848359F}"
EndProject
Project("{9A19103F-16F7-4668-BE54-9A1E7A4F7556}") = "Finance_Application", "Finance_Application\Finance_Application.csproj", "{AAA26276-F94F-40DF-84EA-1288A22C2F1F}"
EndProject
Project("{9A19103F-16F7-4668-BE54-9A1E7A4F7556}") = "Finance_Core", "Finance_Core\Finance_Core.csproj", "{24C95AF5-5F76-417D-9E47-0752056CAA74}"
EndProject
Project("{9A19103F-16F7-4668-BE54-9A1E7A4F7556}") = "Finance_Data", "Finance_Data\Finance_Data.csproj", "{5FAF7E06-E30C-4289-9C5B-EFF48DAEEB2C}"
EndProject
Global
	GlobalSection(SolutionConfigurationPlatforms) = preSolution
		Debug|Any CPU = Debug|Any CPU
		Release|Any CPU = Release|Any CPU
	EndGlobalSection
	GlobalSection(ProjectConfigurationPlatforms) = postSolution
		{CB6FE7AF-2D3B-4DCF-AB25-26473848359F}.Debug|Any CPU.ActiveCfg = Debug|Any CPU
		{CB6FE7AF-2D3B-4DCF-AB25-26473848359F}.Debug|Any CPU.Build.0 = Debug|Any CPU
		{CB6FE7AF-2D3B-4DCF-AB25-26473848359F}.Release|Any CPU.ActiveCfg = Release|Any CPU
		{CB6FE7AF-2D3B-4DCF-AB25-26473848359F}.Release|Any CPU.Build.0 = Release|Any CPU
		{AAA26276-F94F-40DF-84EA-1288A22C2F1F}.Debug|Any CPU.ActiveCfg = Debug|Any CPU
		{AAA26276-F94F-40DF-84EA-1288A22C2F1F}.Debug|Any CPU.Build.0 = Debug|Any CPU
		{AAA26276-F94F-40DF-84EA-1288A22C2F1F}.Release|Any CPU.ActiveCfg = Release|Any CPU
		{AAA26276-F94F-40DF-84EA-1288A22C2F1F}.Release|Any CPU.Build.0 = Release|Any CPU
		{24C95AF5-5F76-417D-9E47-0752056CAA74}.Debug|Any CPU.ActiveCfg = Debug|Any CPU
		{24C95AF5-5F76-417D-9E47-0752056CAA74}.Debug|Any CPU.Build.0 = Debug|Any CPU
		{24C95AF5-5F76-417D-9E47-0752056CAA74}.Release|Any CPU.ActiveCfg = Release|Any CPU
		{24C95AF5-5F76-417D-9E47-0752056CAA74}.Release|Any CPU.Build.0 = Release|Any CPU
		{5FAF7E06-E30C-4289-9C5B-EFF48DAEEB2C}.Debug|Any CPU.ActiveCfg = Debug|Any CPU
		{5FAF7E06-E30C-4289-9C5B-EFF48DAEEB2C}.Debug|Any CPU.Build.0 = Debug|Any CPU
		{5FAF7E06-E30C-4289-9C5B-EFF48DAEEB2C}.Release|Any CPU.ActiveCfg = Release|Any CPU
		{5FAF7E06-E30C-4289-9C5B-EFF48DAEEB2C}.Release|Any CPU.Build.0 = Release|Any CPU
	EndGlobalSection
	GlobalSection(SolutionProperties) = preSolution
		HideSolutionNode = FALSE
	EndGlobalSection
	GlobalSection(ExtensibilityGlobals) = postSolution
		SolutionGuid = {355A33A0-5EDC-484A-A924-022A684695DD}
	EndGlobalSection
EndGlobal
